
Microsoft Visual Studio Solution File, Format Version 12.00
# Visual Studio Version 16
VisualStudioVersion = 16.0.32228.343
MinimumVisualStudioVersion = 10.0.40219.1
Project("{9A19103F-16F7-4668-BE54-9A1E7A4F7556}") = "Upper.Servicos.WebApi.Json", "Upper.Servicos.WebApi.Json\Upper.Servicos.WebApi.Json.csproj", "{105790A8-B943-4A28-9B76-55DF91792E21}"
EndProject
Project("{2150E333-8FDC-42A3-9474-1A3956D46DE8}") = "1 - Presentation", "1 - Presentation", "{C4855E48-2BC5-4B3B-9C51-CB863524C6DB}"
EndProject
Project("{2150E333-8FDC-42A3-9474-1A3956D46DE8}") = "2 - Application", "2 - Application", "{EBE2A5CD-742C-4B94-B53E-09333047E979}"
EndProject
Project("{2150E333-8FDC-42A3-9474-1A3956D46DE8}") = "3 - Domain", "3 - Domain", "{BF47041E-16F7-42C4-A326-4C56CB29D502}"
EndProject
Project("{2150E333-8FDC-42A3-9474-1A3956D46DE8}") = "4 - Infra", "4 - Infra", "{A98EF59E-4FBA-40CD-A74B-FA705620C96D}"
EndProject
Project("{2150E333-8FDC-42A3-9474-1A3956D46DE8}") = "5 - Entities", "5 - Entities", "{F65953A3-62CA-4F70-8B9A-E9A6EC1651C3}"
EndProject
Global
	GlobalSection(SolutionConfigurationPlatforms) = preSolution
		Debug|Any CPU = Debug|Any CPU
		Release|Any CPU = Release|Any CPU
	EndGlobalSection
	GlobalSection(ProjectConfigurationPlatforms) = postSolution
		{105790A8-B943-4A28-9B76-55DF91792E21}.Debug|Any CPU.ActiveCfg = Debug|Any CPU
		{105790A8-B943-4A28-9B76-55DF91792E21}.Debug|Any CPU.Build.0 = Debug|Any CPU
		{105790A8-B943-4A28-9B76-55DF91792E21}.Release|Any CPU.ActiveCfg = Release|Any CPU
		{105790A8-B943-4A28-9B76-55DF91792E21}.Release|Any CPU.Build.0 = Release|Any CPU
	EndGlobalSection
	GlobalSection(SolutionProperties) = preSolution
		HideSolutionNode = FALSE
	EndGlobalSection
	GlobalSection(NestedProjects) = preSolution
		{105790A8-B943-4A28-9B76-55DF91792E21} = {EBE2A5CD-742C-4B94-B53E-09333047E979}
	EndGlobalSection
	GlobalSection(ExtensibilityGlobals) = postSolution
		SolutionGuid = {8715739C-2EA2-4185-BCB5-7B7EABCA8F81}
	EndGlobalSection
EndGlobal
