
Microsoft Visual Studio Solution File, Format Version 12.00
# Visual Studio Version 16
VisualStudioVersion = 16.0.32228.343
MinimumVisualStudioVersion = 10.0.40219.1
Project("{2150E333-8FDC-42A3-9474-1A3956D46DE8}") = "0- Presentation", "0- Presentation", "{23BB67FF-3971-45CC-A353-1686A164AE89}"
EndProject
Project("{2150E333-8FDC-42A3-9474-1A3956D46DE8}") = "2- Application", "2- Application", "{47B78D24-3910-4698-B15D-7F81CFB531AD}"
EndProject
Project("{2150E333-8FDC-42A3-9474-1A3956D46DE8}") = "3- Domain", "3- Domain", "{BBE658A7-3CD9-42DA-9043-7EFA0D2FFFDA}"
EndProject
Project("{2150E333-8FDC-42A3-9474-1A3956D46DE8}") = "4- Infra", "4- Infra", "{9EADD378-F999-4CA6-A7ED-083F3B01B0FF}"
EndProject
Project("{9A19103F-16F7-4668-BE54-9A1E7A4F7556}") = "UpperToolsDomain", "UpperToolsDomain\UpperToolsDomain.csproj", "{A49A55C5-9FB2-4219-830F-83379FBA0A76}"
EndProject
Project("{9A19103F-16F7-4668-BE54-9A1E7A4F7556}") = "UpperToolsInfrastructure", "UpperToolsInfrastructure\UpperToolsInfrastructure.csproj", "{06822AB2-9289-4465-A23D-0911FEF16FF9}"
EndProject
Project("{9A19103F-16F7-4668-BE54-9A1E7A4F7556}") = "UpperToolsApplication", "UpperToolsApplicationApp\UpperToolsApplication.csproj", "{3296365A-1E68-4674-9D91-12D39C5E7024}"
EndProject
Project("{2150E333-8FDC-42A3-9474-1A3956D46DE8}") = "1- Services", "1- Services", "{29E3B576-2C51-4DA2-A96A-F5C5AD59D600}"
EndProject
Project("{FAE04EC0-301F-11D3-BF4B-00C04F79EFBC}") = "UpperTools.Presentation", "UpperTools.Presentation\UpperTools.Presentation.csproj", "{8DDE1834-044D-4512-8F43-E5EBAD5FB3BD}"
EndProject
Global
	GlobalSection(SolutionConfigurationPlatforms) = preSolution
		Debug|Any CPU = Debug|Any CPU
		Release|Any CPU = Release|Any CPU
	EndGlobalSection
	GlobalSection(ProjectConfigurationPlatforms) = postSolution
		{A49A55C5-9FB2-4219-830F-83379FBA0A76}.Debug|Any CPU.ActiveCfg = Debug|Any CPU
		{A49A55C5-9FB2-4219-830F-83379FBA0A76}.Debug|Any CPU.Build.0 = Debug|Any CPU
		{A49A55C5-9FB2-4219-830F-83379FBA0A76}.Release|Any CPU.ActiveCfg = Release|Any CPU
		{A49A55C5-9FB2-4219-830F-83379FBA0A76}.Release|Any CPU.Build.0 = Release|Any CPU
		{06822AB2-9289-4465-A23D-0911FEF16FF9}.Debug|Any CPU.ActiveCfg = Debug|Any CPU
		{06822AB2-9289-4465-A23D-0911FEF16FF9}.Debug|Any CPU.Build.0 = Debug|Any CPU
		{06822AB2-9289-4465-A23D-0911FEF16FF9}.Release|Any CPU.ActiveCfg = Release|Any CPU
		{06822AB2-9289-4465-A23D-0911FEF16FF9}.Release|Any CPU.Build.0 = Release|Any CPU
		{3296365A-1E68-4674-9D91-12D39C5E7024}.Debug|Any CPU.ActiveCfg = Debug|Any CPU
		{3296365A-1E68-4674-9D91-12D39C5E7024}.Debug|Any CPU.Build.0 = Debug|Any CPU
		{3296365A-1E68-4674-9D91-12D39C5E7024}.Release|Any CPU.ActiveCfg = Release|Any CPU
		{3296365A-1E68-4674-9D91-12D39C5E7024}.Release|Any CPU.Build.0 = Release|Any CPU
		{8DDE1834-044D-4512-8F43-E5EBAD5FB3BD}.Debug|Any CPU.ActiveCfg = Debug|Any CPU
		{8DDE1834-044D-4512-8F43-E5EBAD5FB3BD}.Debug|Any CPU.Build.0 = Debug|Any CPU
		{8DDE1834-044D-4512-8F43-E5EBAD5FB3BD}.Release|Any CPU.ActiveCfg = Release|Any CPU
		{8DDE1834-044D-4512-8F43-E5EBAD5FB3BD}.Release|Any CPU.Build.0 = Release|Any CPU
	EndGlobalSection
	GlobalSection(SolutionProperties) = preSolution
		HideSolutionNode = FALSE
	EndGlobalSection
	GlobalSection(NestedProjects) = preSolution
		{A49A55C5-9FB2-4219-830F-83379FBA0A76} = {BBE658A7-3CD9-42DA-9043-7EFA0D2FFFDA}
		{06822AB2-9289-4465-A23D-0911FEF16FF9} = {9EADD378-F999-4CA6-A7ED-083F3B01B0FF}
		{3296365A-1E68-4674-9D91-12D39C5E7024} = {47B78D24-3910-4698-B15D-7F81CFB531AD}
		{8DDE1834-044D-4512-8F43-E5EBAD5FB3BD} = {23BB67FF-3971-45CC-A353-1686A164AE89}
	EndGlobalSection
	GlobalSection(ExtensibilityGlobals) = postSolution
		SolutionGuid = {CC0235B5-DB3D-4DBE-B114-637B7DA7A0B0}
	EndGlobalSection
EndGlobal
